{
  "requires": true,
  "lockfileVersion": 1,
  "dependencies": {
    "vuepress-plugin-code-copy": {
      "version": "1.0.4",
      "resolved": "https://registry.npmjs.org/vuepress-plugin-code-copy/-/vuepress-plugin-code-copy-1.0.4.tgz",
      "integrity": "sha512-8tERv9oB2kgRz0kdBTLaH+DM36TfcRjwPO5pFXWuDDm8ACcXebZMMnL0PTda7NrZ2wnOTAjWxDlQioIDrD6Q9g=="
    }
  }
}
